
Microsoft Visual Studio Solution File, Format Version 12.00
# Visual Studio Version 17
VisualStudioVersion = 17.6.33829.357
MinimumVisualStudioVersion = 10.0.40219.1
Project("{FAE04EC0-301F-11D3-BF4B-00C04F79EFBC}") = "Simple_CRUD", "Simple_CRUD\Simple_CRUD.csproj", "{944CB86C-276C-4490-BFDC-2A57EFD6BB86}"
EndProject
Global
	GlobalSection(SolutionConfigurationPlatforms) = preSolution
		Debug|Any CPU = Debug|Any CPU
		Release|Any CPU = Release|Any CPU
	EndGlobalSection
	GlobalSection(ProjectConfigurationPlatforms) = postSolution
		{944CB86C-276C-4490-BFDC-2A57EFD6BB86}.Debug|Any CPU.ActiveCfg = Debug|Any CPU
		{944CB86C-276C-4490-BFDC-2A57EFD6BB86}.Debug|Any CPU.Build.0 = Debug|Any CPU
		{944CB86C-276C-4490-BFDC-2A57EFD6BB86}.Release|Any CPU.ActiveCfg = Release|Any CPU
		{944CB86C-276C-4490-BFDC-2A57EFD6BB86}.Release|Any CPU.Build.0 = Release|Any CPU
	EndGlobalSection
	GlobalSection(SolutionProperties) = preSolution
		HideSolutionNode = FALSE
	EndGlobalSection
	GlobalSection(ExtensibilityGlobals) = postSolution
		SolutionGuid = {5131198F-05D3-4EE1-8C2D-9A7055C2E635}
	EndGlobalSection
EndGlobal
